
Microsoft Visual Studio Solution File, Format Version 12.00
# Visual Studio 2013
VisualStudioVersion = 12.0.21005.1
MinimumVisualStudioVersion = 10.0.40219.1
Project("{FAE04EC0-301F-11D3-BF4B-00C04F79EFBC}") = "EscapeRoomController", "EscapeRoomController\EscapeRoomController.csproj", "{A294A830-51D2-45D5-8D3F-5AD6D6BF2A97}"
EndProject
Global
	GlobalSection(SolutionConfigurationPlatforms) = preSolution
		Debug|Any CPU = Debug|Any CPU
		Release|Any CPU = Release|Any CPU
	EndGlobalSection
	GlobalSection(ProjectConfigurationPlatforms) = postSolution
		{A294A830-51D2-45D5-8D3F-5AD6D6BF2A97}.Debug|Any CPU.ActiveCfg = Debug|Any CPU
		{A294A830-51D2-45D5-8D3F-5AD6D6BF2A97}.Debug|Any CPU.Build.0 = Debug|Any CPU
		{A294A830-51D2-45D5-8D3F-5AD6D6BF2A97}.Release|Any CPU.ActiveCfg = Release|Any CPU
		{A294A830-51D2-45D5-8D3F-5AD6D6BF2A97}.Release|Any CPU.Build.0 = Release|Any CPU
	EndGlobalSection
	GlobalSection(SolutionProperties) = preSolution
		HideSolutionNode = FALSE
	EndGlobalSection
EndGlobal
